
Microsoft Visual Studio Solution File, Format Version 12.00
# Visual Studio Version 17
VisualStudioVersion = 17.3.32811.315
MinimumVisualStudioVersion = 10.0.40219.1
Project("{9A19103F-16F7-4668-BE54-9A1E7A4F7556}") = "ITSK.AzimuthPT.JsonFlowReader.Service", "ITSK.AzimuthPT.JsonFlowReader.Service.csproj", "{6F6F04DE-8B9F-4A94-9DF9-65B44B2BA390}"
EndProject
Global
	GlobalSection(SolutionConfigurationPlatforms) = preSolution
		Debug|Any CPU = Debug|Any CPU
		Release|Any CPU = Release|Any CPU
	EndGlobalSection
	GlobalSection(ProjectConfigurationPlatforms) = postSolution
		{6F6F04DE-8B9F-4A94-9DF9-65B44B2BA390}.Debug|Any CPU.ActiveCfg = Debug|Any CPU
		{6F6F04DE-8B9F-4A94-9DF9-65B44B2BA390}.Debug|Any CPU.Build.0 = Debug|Any CPU
		{6F6F04DE-8B9F-4A94-9DF9-65B44B2BA390}.Release|Any CPU.ActiveCfg = Release|Any CPU
		{6F6F04DE-8B9F-4A94-9DF9-65B44B2BA390}.Release|Any CPU.Build.0 = Release|Any CPU
	EndGlobalSection
	GlobalSection(SolutionProperties) = preSolution
		HideSolutionNode = FALSE
	EndGlobalSection
	GlobalSection(ExtensibilityGlobals) = postSolution
		SolutionGuid = {A9CF4D04-5740-47C3-80E3-88153F681D43}
	EndGlobalSection
EndGlobal
